
Microsoft Visual Studio Solution File, Format Version 12.00
# Visual Studio Version 17
VisualStudioVersion = 17.8.34330.188
MinimumVisualStudioVersion = 10.0.40219.1
Project("{FAE04EC0-301F-11D3-BF4B-00C04F79EFBC}") = "McvCv", "McvCv.csproj", "{68C6A3F8-EB24-490D-AB56-309F949EFCA3}"
EndProject
Global
	GlobalSection(SolutionConfigurationPlatforms) = preSolution
		Debug|Any CPU = Debug|Any CPU
		Release|Any CPU = Release|Any CPU
	EndGlobalSection
	GlobalSection(ProjectConfigurationPlatforms) = postSolution
		{68C6A3F8-EB24-490D-AB56-309F949EFCA3}.Debug|Any CPU.ActiveCfg = Debug|Any CPU
		{68C6A3F8-EB24-490D-AB56-309F949EFCA3}.Debug|Any CPU.Build.0 = Debug|Any CPU
		{68C6A3F8-EB24-490D-AB56-309F949EFCA3}.Release|Any CPU.ActiveCfg = Release|Any CPU
		{68C6A3F8-EB24-490D-AB56-309F949EFCA3}.Release|Any CPU.Build.0 = Release|Any CPU
	EndGlobalSection
	GlobalSection(SolutionProperties) = preSolution
		HideSolutionNode = FALSE
	EndGlobalSection
	GlobalSection(ExtensibilityGlobals) = postSolution
		SolutionGuid = {922F359F-0EB2-4878-9278-99BE5BBE554C}
	EndGlobalSection
EndGlobal
